
Microsoft Visual Studio Solution File, Format Version 12.00
# Visual Studio Version 17
VisualStudioVersion = 17.12.35323.107
MinimumVisualStudioVersion = 10.0.40219.1
Project("{FAE04EC0-301F-11D3-BF4B-00C04F79EFBC}") = "Hermes.ConsoleUI", "Hermes.UI\Hermes.ConsoleUI.csproj", "{FE0BC732-8A74-4639-86A5-1F01B50C1145}"
EndProject
Project("{FAE04EC0-301F-11D3-BF4B-00C04F79EFBC}") = "Hermes.Domain", "Hermes.Domain\Hermes.Domain.csproj", "{4BD118D2-0B15-4052-AFAF-372B7C13CBAA}"
EndProject
Project("{FAE04EC0-301F-11D3-BF4B-00C04F79EFBC}") = "Hermes.Infrastructure", "Hermes.Infrastructure\Hermes.Infrastructure.csproj", "{1D442B1E-A279-42F0-8791-8EE40B75562B}"
EndProject
Project("{FAE04EC0-301F-11D3-BF4B-00C04F79EFBC}") = "Hermes.Server", "Hermes.Server\Hermes.Server.csproj", "{5BCDE7D8-934F-4F01-879F-75FCC0DECC51}"
EndProject
Global
	GlobalSection(SolutionConfigurationPlatforms) = preSolution
		Debug|Any CPU = Debug|Any CPU
		Release|Any CPU = Release|Any CPU
	EndGlobalSection
	GlobalSection(ProjectConfigurationPlatforms) = postSolution
		{FE0BC732-8A74-4639-86A5-1F01B50C1145}.Debug|Any CPU.ActiveCfg = Debug|Any CPU
		{FE0BC732-8A74-4639-86A5-1F01B50C1145}.Debug|Any CPU.Build.0 = Debug|Any CPU
		{FE0BC732-8A74-4639-86A5-1F01B50C1145}.Release|Any CPU.ActiveCfg = Release|Any CPU
		{FE0BC732-8A74-4639-86A5-1F01B50C1145}.Release|Any CPU.Build.0 = Release|Any CPU
		{4BD118D2-0B15-4052-AFAF-372B7C13CBAA}.Debug|Any CPU.ActiveCfg = Debug|Any CPU
		{4BD118D2-0B15-4052-AFAF-372B7C13CBAA}.Debug|Any CPU.Build.0 = Debug|Any CPU
		{4BD118D2-0B15-4052-AFAF-372B7C13CBAA}.Release|Any CPU.ActiveCfg = Release|Any CPU
		{4BD118D2-0B15-4052-AFAF-372B7C13CBAA}.Release|Any CPU.Build.0 = Release|Any CPU
		{1D442B1E-A279-42F0-8791-8EE40B75562B}.Debug|Any CPU.ActiveCfg = Debug|Any CPU
		{1D442B1E-A279-42F0-8791-8EE40B75562B}.Debug|Any CPU.Build.0 = Debug|Any CPU
		{1D442B1E-A279-42F0-8791-8EE40B75562B}.Release|Any CPU.ActiveCfg = Release|Any CPU
		{1D442B1E-A279-42F0-8791-8EE40B75562B}.Release|Any CPU.Build.0 = Release|Any CPU
		{5BCDE7D8-934F-4F01-879F-75FCC0DECC51}.Debug|Any CPU.ActiveCfg = Debug|Any CPU
		{5BCDE7D8-934F-4F01-879F-75FCC0DECC51}.Debug|Any CPU.Build.0 = Debug|Any CPU
		{5BCDE7D8-934F-4F01-879F-75FCC0DECC51}.Release|Any CPU.ActiveCfg = Release|Any CPU
		{5BCDE7D8-934F-4F01-879F-75FCC0DECC51}.Release|Any CPU.Build.0 = Release|Any CPU
	EndGlobalSection
	GlobalSection(SolutionProperties) = preSolution
		HideSolutionNode = FALSE
	EndGlobalSection
	GlobalSection(ExtensibilityGlobals) = postSolution
		SolutionGuid = {DCAF138C-0420-4D41-9FDB-D4A1B71D1A3D}
	EndGlobalSection
EndGlobal
